// !$*UTF8*$!
{
	archiveVersion = 1;
	classes = {
	};
	objectVersion = 48;
	objects = {

/* Begin PBXBuildFile section */
		C83674821F3664D00084F644 /* AppDelegate.swift in Sources */ = {isa = PBXBuildFile; fileRef = C83674811F3664D00084F644 /* AppDelegate.swift */; };
		C83674871F3664D00084F644 /* Main.storyboard in Resources */ = {isa = PBXBuildFile; fileRef = C83674851F3664D00084F644 /* Main.storyboard */; };
		C83674891F3664D00084F644 /* Assets.xcassets in Resources */ = {isa = PBXBuildFile; fileRef = C83674881F3664D00084F644 /* Assets.xcassets */; };
		C836748C1F3664D00084F644 /* LaunchScreen.storyboard in Resources */ = {isa = PBXBuildFile; fileRef = C836748A1F3664D00084F644 /* LaunchScreen.storyboard */; };
		C836749E1F366C270084F644 /* PickNumberViewController.swift in Sources */ = {isa = PBXBuildFile; fileRef = C836749D1F366C270084F644 /* PickNumberViewController.swift */; };
		C83674A31F366E450084F644 /* PlayGameViewController.swift in Sources */ = {isa = PBXBuildFile; fileRef = C83674A11F366E450084F644 /* PlayGameViewController.swift */; };
		C83674A41F366E450084F644 /* PickGameViewController.swift in Sources */ = {isa = PBXBuildFile; fileRef = C83674A21F366E450084F644 /* PickGameViewController.swift */; };
		C83674A61F366F5B0084F644 /* ReplacementSegue.swift in Sources */ = {isa = PBXBuildFile; fileRef = C83674A51F366F5B0084F644 /* ReplacementSegue.swift */; };
/* End PBXBuildFile section */

/* Begin PBXFileReference section */
		C836747E1F3664D00084F644 /* RemixBytes.app */ = {isa = PBXFileReference; explicitFileType = wrapper.application; includeInIndex = 0; path = RemixBytes.app; sourceTree = BUILT_PRODUCTS_DIR; };
		C83674811F3664D00084F644 /* AppDelegate.swift */ = {isa = PBXFileReference; lastKnownFileType = sourcecode.swift; path = AppDelegate.swift; sourceTree = "<group>"; };
		C83674861F3664D00084F644 /* Base */ = {isa = PBXFileReference; lastKnownFileType = file.storyboard; name = Base; path = Base.lproj/Main.storyboard; sourceTree = "<group>"; };
		C83674881F3664D00084F644 /* Assets.xcassets */ = {isa = PBXFileReference; lastKnownFileType = folder.assetcatalog; path = Assets.xcassets; sourceTree = "<group>"; };
		C836748B1F3664D00084F644 /* Base */ = {isa = PBXFileReference; lastKnownFileType = file.storyboard; name = Base; path = Base.lproj/LaunchScreen.storyboard; sourceTree = "<group>"; };
		C836748D1F3664D00084F644 /* Info.plist */ = {isa = PBXFileReference; lastKnownFileType = text.plist.xml; path = Info.plist; sourceTree = "<group>"; };
		C836749D1F366C270084F644 /* PickNumberViewController.swift */ = {isa = PBXFileReference; lastKnownFileType = sourcecode.swift; path = PickNumberViewController.swift; sourceTree = "<group>"; };
		C83674A11F366E450084F644 /* PlayGameViewController.swift */ = {isa = PBXFileReference; fileEncoding = 4; lastKnownFileType = sourcecode.swift; path = PlayGameViewController.swift; sourceTree = "<group>"; };
		C83674A21F366E450084F644 /* PickGameViewController.swift */ = {isa = PBXFileReference; fileEncoding = 4; lastKnownFileType = sourcecode.swift; path = PickGameViewController.swift; sourceTree = "<group>"; };
		C83674A51F366F5B0084F644 /* ReplacementSegue.swift */ = {isa = PBXFileReference; lastKnownFileType = sourcecode.swift; path = ReplacementSegue.swift; sourceTree = "<group>"; };
/* End PBXFileReference section */

/* Begin PBXFrameworksBuildPhase section */
		C836747B1F3664D00084F644 /* Frameworks */ = {
			isa = PBXFrameworksBuildPhase;
			buildActionMask = 2147483647;
			files = (
			);
			runOnlyForDeploymentPostprocessing = 0;
		};
/* End PBXFrameworksBuildPhase section */

/* Begin PBXGroup section */
		C83674751F3664D00084F644 = {
			isa = PBXGroup;
			children = (
				C83674801F3664D00084F644 /* RemixBytes */,
				C836747F1F3664D00084F644 /* Products */,
			);
			sourceTree = "<group>";
		};
		C836747F1F3664D00084F644 /* Products */ = {
			isa = PBXGroup;
			children = (
				C836747E1F3664D00084F644 /* RemixBytes.app */,
			);
			name = Products;
			sourceTree = "<group>";
		};
		C83674801F3664D00084F644 /* RemixBytes */ = {
			isa = PBXGroup;
			children = (
				C83674811F3664D00084F644 /* AppDelegate.swift */,
				C83674A21F366E450084F644 /* PickGameViewController.swift */,
				C836749D1F366C270084F644 /* PickNumberViewController.swift */,
				C83674A11F366E450084F644 /* PlayGameViewController.swift */,
				C83674851F3664D00084F644 /* Main.storyboard */,
				C83674A71F3680DA0084F644 /* Resources */,
			);
			path = RemixBytes;
			sourceTree = "<group>";
		};
		C83674A71F3680DA0084F644 /* Resources */ = {
			isa = PBXGroup;
			children = (
				C83674881F3664D00084F644 /* Assets.xcassets */,
				C836748A1F3664D00084F644 /* LaunchScreen.storyboard */,
				C836748D1F3664D00084F644 /* Info.plist */,
				C83674A51F366F5B0084F644 /* ReplacementSegue.swift */,
			);
			path = Resources;
			sourceTree = "<group>";
		};
/* End PBXGroup section */

/* Begin PBXNativeTarget section */
		C836747D1F3664D00084F644 /* RemixBytes */ = {
			isa = PBXNativeTarget;
			buildConfigurationList = C83674901F3664D00084F644 /* Build configuration list for PBXNativeTarget "RemixBytes" */;
			buildPhases = (
				C836747A1F3664D00084F644 /* Sources */,
				C836747B1F3664D00084F644 /* Frameworks */,
				C836747C1F3664D00084F644 /* Resources */,
			);
			buildRules = (
			);
			dependencies = (
			);
			name = RemixBytes;
			productName = RemixBytes;
			productReference = C836747E1F3664D00084F644 /* RemixBytes.app */;
			productType = "com.apple.product-type.application";
		};
/* End PBXNativeTarget section */

/* Begin PBXProject section */
		C83674761F3664D00084F644 /* Project object */ = {
			isa = PBXProject;
			attributes = {
				LastSwiftUpdateCheck = 0900;
				LastUpgradeCheck = 0900;
				ORGANIZATIONNAME = cutting.io;
				TargetAttributes = {
					C836747D1F3664D00084F644 = {
						CreatedOnToolsVersion = 9.0;
					};
				};
			};
			buildConfigurationList = C83674791F3664D00084F644 /* Build configuration list for PBXProject "RemixBytes" */;
			compatibilityVersion = "Xcode 8.0";
			developmentRegion = en;
			hasScannedForEncodings = 0;
			knownRegions = (
				en,
				Base,
			);
			mainGroup = C83674751F3664D00084F644;
			productRefGroup = C836747F1F3664D00084F644 /* Products */;
			projectDirPath = "";
			projectRoot = "";
			targets = (
				C836747D1F3664D00084F644 /* RemixBytes */,
			);
		};
/* End PBXProject section */

/* Begin PBXResourcesBuildPhase section */
		C836747C1F3664D00084F644 /* Resources */ = {
			isa = PBXResourcesBuildPhase;
			buildActionMask = 2147483647;
			files = (
				C836748C1F3664D00084F644 /* LaunchScreen.storyboard in Resources */,
				C83674891F3664D00084F644 /* Assets.xcassets in Resources */,
				C83674871F3664D00084F644 /* Main.storyboard in Resources */,
			);
			runOnlyForDeploymentPostprocessing = 0;
		};
/* End PBXResourcesBuildPhase section */

/* Begin PBXSourcesBuildPhase section */
		C836747A1F3664D00084F644 /* Sources */ = {
			isa = PBXSourcesBuildPhase;
			buildActionMask = 2147483647;
			files = (
				C83674A41F366E450084F644 /* PickGameViewController.swift in Sources */,
				C836749E1F366C270084F644 /* PickNumberViewController.swift in Sources */,
				C83674A31F366E450084F644 /* PlayGameViewController.swift in Sources */,
				C83674A61F366F5B0084F644 /* ReplacementSegue.swift in Sources */,
				C83674821F3664D00084F644 /* AppDelegate.swift in Sources */,
			);
			runOnlyForDeploymentPostprocessing = 0;
		};
/* End PBXSourcesBuildPhase section */

/* Begin PBXVariantGroup section */
		C83674851F3664D00084F644 /* Main.storyboard */ = {
			isa = PBXVariantGroup;
			children = (
				C83674861F3664D00084F644 /* Base */,
			);
			name = Main.storyboard;
			sourceTree = "<group>";
		};
		C836748A1F3664D00084F644 /* LaunchScreen.storyboard */ = {
			isa = PBXVariantGroup;
			children = (
				C836748B1F3664D00084F644 /* Base */,
			);
			name = LaunchScreen.storyboard;
			sourceTree = "<group>";
		};
/* End PBXVariantGroup section */

/* Begin XCBuildConfiguration section */
		C836748E1F3664D00084F644 /* Debug */ = {
			isa = XCBuildConfiguration;
			buildSettings = {
				ALWAYS_SEARCH_USER_PATHS = NO;
				CLANG_ANALYZER_NONNULL = YES;
				CLANG_ANALYZER_NUMBER_OBJECT_CONVERSION = YES_AGGRESSIVE;
				CLANG_CXX_LANGUAGE_STANDARD = "gnu++14";
				CLANG_CXX_LIBRARY = "libc++";
				CLANG_ENABLE_MODULES = YES;
				CLANG_ENABLE_OBJC_ARC = YES;
				CLANG_WARN_BLOCK_CAPTURE_AUTORELEASING = YES;
				CLANG_WARN_BOOL_CONVERSION = YES;
				CLANG_WARN_COMMA = YES;
				CLANG_WARN_CONSTANT_CONVERSION = YES;
				CLANG_WARN_DIRECT_OBJC_ISA_USAGE = YES_ERROR;
				CLANG_WARN_DOCUMENTATION_COMMENTS = YES;
				CLANG_WARN_EMPTY_BODY = YES;
				CLANG_WARN_ENUM_CONVERSION = YES;
				CLANG_WARN_INFINITE_RECURSION = YES;
				CLANG_WARN_INT_CONVERSION = YES;
				CLANG_WARN_NON_LITERAL_NULL_CONVERSION = YES;
				CLANG_WARN_OBJC_LITERAL_CONVERSION = YES;
				CLANG_WARN_OBJC_ROOT_CLASS = YES_ERROR;
				CLANG_WARN_RANGE_LOOP_ANALYSIS = YES;
				CLANG_WARN_STRICT_PROTOTYPES = YES;
				CLANG_WARN_SUSPICIOUS_MOVE = YES;
				CLANG_WARN_UNGUARDED_AVAILABILITY = YES_AGGRESSIVE;
				CLANG_WARN_UNREACHABLE_CODE = YES;
				CLANG_WARN__DUPLICATE_METHOD_MATCH = YES;
				CODE_SIGN_IDENTITY = "iPhone Developer";
				COPY_PHASE_STRIP = NO;
				DEBUG_INFORMATION_FORMAT = dwarf;
				ENABLE_STRICT_OBJC_MSGSEND = YES;
				ENABLE_TESTABILITY = YES;
				GCC_C_LANGUAGE_STANDARD = gnu11;
				GCC_DYNAMIC_NO_PIC = NO;
				GCC_NO_COMMON_BLOCKS = YES;
				GCC_OPTIMIZATION_LEVEL = 0;
				GCC_PREPROCESSOR_DEFINITIONS = (
					"DEBUG=1",
					"$(inherited)",
				);
				GCC_WARN_64_TO_32_BIT_CONVERSION = YES;
				GCC_WARN_ABOUT_RETURN_TYPE = YES_ERROR;
				GCC_WARN_UNDECLARED_SELECTOR = YES;
				GCC_WARN_UNINITIALIZED_AUTOS = YES_AGGRESSIVE;
				GCC_WARN_UNUSED_FUNCTION = YES;
				GCC_WARN_UNUSED_VARIABLE = YES;
				IPHONEOS_DEPLOYMENT_TARGET = 11.0;
				MTL_ENABLE_DEBUG_INFO = YES;
				ONLY_ACTIVE_ARCH = YES;
				SDKROOT = iphoneos;
				SWIFT_ACTIVE_COMPILATION_CONDITIONS = DEBUG;
				SWIFT_OPTIMIZATION_LEVEL = "-Onone";
			};
			name = Debug;
		};
		C836748F1F3664D00084F644 /* Release */ = {
			isa = XCBuildConfiguration;
			buildSettings = {
				ALWAYS_SEARCH_USER_PATHS = NO;
				CLANG_ANALYZER_NONNULL = YES;
				CLANG_ANALYZER_NUMBER_OBJECT_CONVERSION = YES_AGGRESSIVE;
				CLANG_CXX_LANGUAGE_STANDARD = "gnu++14";
				CLANG_CXX_LIBRARY = "libc++";
				CLANG_ENABLE_MODULES = YES;
				CLANG_ENABLE_OBJC_ARC = YES;
				CLANG_WARN_BLOCK_CAPTURE_AUTORELEASING = YES;
				CLANG_WARN_BOOL_CONVERSION = YES;
				CLANG_WARN_COMMA = YES;
				CLANG_WARN_CONSTANT_CONVERSION = YES;
				CLANG_WARN_DIRECT_OBJC_ISA_USAGE = YES_ERROR;
				CLANG_WARN_DOCUMENTATION_COMMENTS = YES;
				CLANG_WARN_EMPTY_BODY = YES;
				CLANG_WARN_ENUM_CONVERSION = YES;
				CLANG_WARN_INFINITE_RECURSION = YES;
				CLANG_WARN_INT_CONVERSION = YES;
				CLANG_WARN_NON_LITERAL_NULL_CONVERSION = YES;
				CLANG_WARN_OBJC_LITERAL_CONVERSION = YES;
				CLANG_WARN_OBJC_ROOT_CLASS = YES_ERROR;
				CLANG_WARN_RANGE_LOOP_ANALYSIS = YES;
				CLANG_WARN_STRICT_PROTOTYPES = YES;
				CLANG_WARN_SUSPICIOUS_MOVE = YES;
				CLANG_WARN_UNGUARDED_AVAILABILITY = YES_AGGRESSIVE;
				CLANG_WARN_UNREACHABLE_CODE = YES;
				CLANG_WARN__DUPLICATE_METHOD_MATCH = YES;
				CODE_SIGN_IDENTITY = "iPhone Developer";
				COPY_PHASE_STRIP = NO;
				DEBUG_INFORMATION_FORMAT = "dwarf-with-dsym";
				ENABLE_NS_ASSERTIONS = NO;
				ENABLE_STRICT_OBJC_MSGSEND = YES;
				GCC_C_LANGUAGE_STANDARD = gnu11;
				GCC_NO_COMMON_BLOCKS = YES;
				GCC_WARN_64_TO_32_BIT_CONVERSION = YES;
				GCC_WARN_ABOUT_RETURN_TYPE = YES_ERROR;
				GCC_WARN_UNDECLARED_SELECTOR = YES;
				GCC_WARN_UNINITIALIZED_AUTOS = YES_AGGRESSIVE;
				GCC_WARN_UNUSED_FUNCTION = YES;
				GCC_WARN_UNUSED_VARIABLE = YES;
				IPHONEOS_DEPLOYMENT_TARGET = 11.0;
				MTL_ENABLE_DEBUG_INFO = NO;
				SDKROOT = iphoneos;
				SWIFT_OPTIMIZATION_LEVEL = "-Owholemodule";
				VALIDATE_PRODUCT = YES;
			};
			name = Release;
		};
		C83674911F3664D00084F644 /* Debug */ = {
			isa = XCBuildConfiguration;
			buildSettings = {
				ASSETCATALOG_COMPILER_APPICON_NAME = AppIcon;
				DEVELOPMENT_TEAM = 3H86HRS574;
				INFOPLIST_FILE = RemixBytes/Resources/Info.plist;
				LD_RUNPATH_SEARCH_PATHS = "$(inherited) @executable_path/Frameworks";
				PRODUCT_BUNDLE_IDENTIFIER = io.cutting.RemixBytes;
				PRODUCT_NAME = "$(TARGET_NAME)";
				SWIFT_VERSION = 4.0;
				TARGETED_DEVICE_FAMILY = "1,2";
			};
			name = Debug;
		};
		C83674921F3664D00084F644 /* Release */ = {
			isa = XCBuildConfiguration;
			buildSettings = {
				ASSETCATALOG_COMPILER_APPICON_NAME = AppIcon;
				DEVELOPMENT_TEAM = 3H86HRS574;
				INFOPLIST_FILE = RemixBytes/Resources/Info.plist;
				LD_RUNPATH_SEARCH_PATHS = "$(inherited) @executable_path/Frameworks";
				PRODUCT_BUNDLE_IDENTIFIER = io.cutting.RemixBytes;
				PRODUCT_NAME = "$(TARGET_NAME)";
				SWIFT_VERSION = 4.0;
				TARGETED_DEVICE_FAMILY = "1,2";
			};
			name = Release;
		};
/* End XCBuildConfiguration section */

/* Begin XCConfigurationList section */
		C83674791F3664D00084F644 /* Build configuration list for PBXProject "RemixBytes" */ = {
			isa = XCConfigurationList;
			buildConfigurations = (
				C836748E1F3664D00084F644 /* Debug */,
				C836748F1F3664D00084F644 /* Release */,
			);
			defaultConfigurationIsVisible = 0;
			defaultConfigurationName = Release;
		};
		C83674901F3664D00084F644 /* Build configuration list for PBXNativeTarget "RemixBytes" */ = {
			isa = XCConfigurationList;
			buildConfigurations = (
				C83674911F3664D00084F644 /* Debug */,
				C83674921F3664D00084F644 /* Release */,
			);
			defaultConfigurationIsVisible = 0;
			defaultConfigurationName = Release;
		};
/* End XCConfigurationList section */
	};
	rootObject = C83674761F3664D00084F644 /* Project object */;
}
