// !$*UTF8*$!
{
	archiveVersion = 1;
	classes = {
	};
	objectVersion = 48;
	objects = {

/* Begin PBXBuildFile section */
		0556DD7E0633CCCCD2EFF11E /* Pods_RemixBytes.framework in Frameworks */ = {isa = PBXBuildFile; fileRef = 3A7029A2341D297D12A1EB04 /* Pods_RemixBytes.framework */; };
		C83674821F3664D00084F644 /* AppDelegate.swift in Sources */ = {isa = PBXBuildFile; fileRef = C83674811F3664D00084F644 /* AppDelegate.swift */; };
		C83674871F3664D00084F644 /* Main.storyboard in Resources */ = {isa = PBXBuildFile; fileRef = C83674851F3664D00084F644 /* Main.storyboard */; };
		C83674891F3664D00084F644 /* Assets.xcassets in Resources */ = {isa = PBXBuildFile; fileRef = C83674881F3664D00084F644 /* Assets.xcassets */; };
		C836748C1F3664D00084F644 /* LaunchScreen.storyboard in Resources */ = {isa = PBXBuildFile; fileRef = C836748A1F3664D00084F644 /* LaunchScreen.storyboard */; };
		C836749E1F366C270084F644 /* PickNumberViewController.swift in Sources */ = {isa = PBXBuildFile; fileRef = C836749D1F366C270084F644 /* PickNumberViewController.swift */; };
		C83674A31F366E450084F644 /* PlayGameViewController.swift in Sources */ = {isa = PBXBuildFile; fileRef = C83674A11F366E450084F644 /* PlayGameViewController.swift */; };
		C83674A41F366E450084F644 /* PickGameViewController.swift in Sources */ = {isa = PBXBuildFile; fileRef = C83674A21F366E450084F644 /* PickGameViewController.swift */; };
		C83674A61F366F5B0084F644 /* ReplacementSegue.swift in Sources */ = {isa = PBXBuildFile; fileRef = C83674A51F366F5B0084F644 /* ReplacementSegue.swift */; };
		C84B1CF71F3683310072257F /* GameCoordinator.swift in Sources */ = {isa = PBXBuildFile; fileRef = C84B1CF61F3683310072257F /* GameCoordinator.swift */; };
		C84B1CF91F36999E0072257F /* GamePanelCoordinator.swift in Sources */ = {isa = PBXBuildFile; fileRef = C84B1CF81F36999E0072257F /* GamePanelCoordinator.swift */; };
		C84B1CFB1F369C640072257F /* GamePanelContainer.swift in Sources */ = {isa = PBXBuildFile; fileRef = C84B1CFA1F369C640072257F /* GamePanelContainer.swift */; };
		C84B1CFD1F371CC00072257F /* GameInteractor.swift in Sources */ = {isa = PBXBuildFile; fileRef = C84B1CFC1F371CC00072257F /* GameInteractor.swift */; };
		C84B1CFF1F3730830072257F /* PlayGameFormatter.swift in Sources */ = {isa = PBXBuildFile; fileRef = C84B1CFE1F3730830072257F /* PlayGameFormatter.swift */; };
		C84B1D011F37403D0072257F /* PickNumberView.swift in Sources */ = {isa = PBXBuildFile; fileRef = C84B1D001F37403D0072257F /* PickNumberView.swift */; };
		C84B1D031F3741C70072257F /* Viewable.swift in Sources */ = {isa = PBXBuildFile; fileRef = C84B1D021F3741C70072257F /* Viewable.swift */; };
		C84B1D051F3742C50072257F /* PickNumberContinuousViewController.swift in Sources */ = {isa = PBXBuildFile; fileRef = C84B1D041F3742C50072257F /* PickNumberContinuousViewController.swift */; };
		C85311761F3746B500388356 /* PlayGameContinuousViewController.swift in Sources */ = {isa = PBXBuildFile; fileRef = C85311751F3746B500388356 /* PlayGameContinuousViewController.swift */; };
		C85311781F3746E600388356 /* PlayGameView.swift in Sources */ = {isa = PBXBuildFile; fileRef = C85311771F3746E600388356 /* PlayGameView.swift */; };
		C853118A1F374C1C00388356 /* PickGameView.swift in Sources */ = {isa = PBXBuildFile; fileRef = C85311891F374C1C00388356 /* PickGameView.swift */; };
/* End PBXBuildFile section */

/* Begin PBXFileReference section */
		3A7029A2341D297D12A1EB04 /* Pods_RemixBytes.framework */ = {isa = PBXFileReference; explicitFileType = wrapper.framework; includeInIndex = 0; path = Pods_RemixBytes.framework; sourceTree = BUILT_PRODUCTS_DIR; };
		62FDB46E095BA1CA5EC474F8 /* Pods-RemixBytes.debug.xcconfig */ = {isa = PBXFileReference; includeInIndex = 1; lastKnownFileType = text.xcconfig; name = "Pods-RemixBytes.debug.xcconfig"; path = "Pods/Target Support Files/Pods-RemixBytes/Pods-RemixBytes.debug.xcconfig"; sourceTree = "<group>"; };
		B36800EB3513AFE3935C84B4 /* Pods-RemixBytes.release.xcconfig */ = {isa = PBXFileReference; includeInIndex = 1; lastKnownFileType = text.xcconfig; name = "Pods-RemixBytes.release.xcconfig"; path = "Pods/Target Support Files/Pods-RemixBytes/Pods-RemixBytes.release.xcconfig"; sourceTree = "<group>"; };
		C836747E1F3664D00084F644 /* RemixBytes.app */ = {isa = PBXFileReference; explicitFileType = wrapper.application; includeInIndex = 0; path = RemixBytes.app; sourceTree = BUILT_PRODUCTS_DIR; };
		C83674811F3664D00084F644 /* AppDelegate.swift */ = {isa = PBXFileReference; lastKnownFileType = sourcecode.swift; path = AppDelegate.swift; sourceTree = "<group>"; };
		C83674861F3664D00084F644 /* Base */ = {isa = PBXFileReference; lastKnownFileType = file.storyboard; name = Base; path = Base.lproj/Main.storyboard; sourceTree = "<group>"; };
		C83674881F3664D00084F644 /* Assets.xcassets */ = {isa = PBXFileReference; lastKnownFileType = folder.assetcatalog; path = Assets.xcassets; sourceTree = "<group>"; };
		C836748B1F3664D00084F644 /* Base */ = {isa = PBXFileReference; lastKnownFileType = file.storyboard; name = Base; path = Base.lproj/LaunchScreen.storyboard; sourceTree = "<group>"; };
		C836748D1F3664D00084F644 /* Info.plist */ = {isa = PBXFileReference; lastKnownFileType = text.plist.xml; path = Info.plist; sourceTree = "<group>"; };
		C836749D1F366C270084F644 /* PickNumberViewController.swift */ = {isa = PBXFileReference; lastKnownFileType = sourcecode.swift; path = PickNumberViewController.swift; sourceTree = "<group>"; };
		C83674A11F366E450084F644 /* PlayGameViewController.swift */ = {isa = PBXFileReference; fileEncoding = 4; lastKnownFileType = sourcecode.swift; path = PlayGameViewController.swift; sourceTree = "<group>"; };
		C83674A21F366E450084F644 /* PickGameViewController.swift */ = {isa = PBXFileReference; fileEncoding = 4; lastKnownFileType = sourcecode.swift; path = PickGameViewController.swift; sourceTree = "<group>"; };
		C83674A51F366F5B0084F644 /* ReplacementSegue.swift */ = {isa = PBXFileReference; lastKnownFileType = sourcecode.swift; path = ReplacementSegue.swift; sourceTree = "<group>"; };
		C84B1CF61F3683310072257F /* GameCoordinator.swift */ = {isa = PBXFileReference; lastKnownFileType = sourcecode.swift; path = GameCoordinator.swift; sourceTree = "<group>"; };
		C84B1CF81F36999E0072257F /* GamePanelCoordinator.swift */ = {isa = PBXFileReference; lastKnownFileType = sourcecode.swift; path = GamePanelCoordinator.swift; sourceTree = "<group>"; };
		C84B1CFA1F369C640072257F /* GamePanelContainer.swift */ = {isa = PBXFileReference; lastKnownFileType = sourcecode.swift; path = GamePanelContainer.swift; sourceTree = "<group>"; };
		C84B1CFC1F371CC00072257F /* GameInteractor.swift */ = {isa = PBXFileReference; lastKnownFileType = sourcecode.swift; path = GameInteractor.swift; sourceTree = "<group>"; };
		C84B1CFE1F3730830072257F /* PlayGameFormatter.swift */ = {isa = PBXFileReference; lastKnownFileType = sourcecode.swift; path = PlayGameFormatter.swift; sourceTree = "<group>"; };
		C84B1D001F37403D0072257F /* PickNumberView.swift */ = {isa = PBXFileReference; lastKnownFileType = sourcecode.swift; path = PickNumberView.swift; sourceTree = "<group>"; };
		C84B1D021F3741C70072257F /* Viewable.swift */ = {isa = PBXFileReference; lastKnownFileType = sourcecode.swift; path = Viewable.swift; sourceTree = "<group>"; };
		C84B1D041F3742C50072257F /* PickNumberContinuousViewController.swift */ = {isa = PBXFileReference; lastKnownFileType = sourcecode.swift; path = PickNumberContinuousViewController.swift; sourceTree = "<group>"; };
		C85311751F3746B500388356 /* PlayGameContinuousViewController.swift */ = {isa = PBXFileReference; lastKnownFileType = sourcecode.swift; path = PlayGameContinuousViewController.swift; sourceTree = "<group>"; };
		C85311771F3746E600388356 /* PlayGameView.swift */ = {isa = PBXFileReference; lastKnownFileType = sourcecode.swift; path = PlayGameView.swift; sourceTree = "<group>"; };
		C85311891F374C1C00388356 /* PickGameView.swift */ = {isa = PBXFileReference; lastKnownFileType = sourcecode.swift; path = PickGameView.swift; sourceTree = "<group>"; };
/* End PBXFileReference section */

/* Begin PBXFrameworksBuildPhase section */
		C836747B1F3664D00084F644 /* Frameworks */ = {
			isa = PBXFrameworksBuildPhase;
			buildActionMask = 2147483647;
			files = (
				0556DD7E0633CCCCD2EFF11E /* Pods_RemixBytes.framework in Frameworks */,
			);
			runOnlyForDeploymentPostprocessing = 0;
		};
/* End PBXFrameworksBuildPhase section */

/* Begin PBXGroup section */
		16A81E9C6A6334A32D8F66AA /* Frameworks */ = {
			isa = PBXGroup;
			children = (
				3A7029A2341D297D12A1EB04 /* Pods_RemixBytes.framework */,
			);
			name = Frameworks;
			sourceTree = "<group>";
		};
		AF5A51A76797317153E710DD /* Pods */ = {
			isa = PBXGroup;
			children = (
				62FDB46E095BA1CA5EC474F8 /* Pods-RemixBytes.debug.xcconfig */,
				B36800EB3513AFE3935C84B4 /* Pods-RemixBytes.release.xcconfig */,
			);
			name = Pods;
			sourceTree = "<group>";
		};
		C83674751F3664D00084F644 = {
			isa = PBXGroup;
			children = (
				C83674801F3664D00084F644 /* RemixBytes */,
				C836747F1F3664D00084F644 /* Products */,
				AF5A51A76797317153E710DD /* Pods */,
				16A81E9C6A6334A32D8F66AA /* Frameworks */,
			);
			sourceTree = "<group>";
		};
		C836747F1F3664D00084F644 /* Products */ = {
			isa = PBXGroup;
			children = (
				C836747E1F3664D00084F644 /* RemixBytes.app */,
			);
			name = Products;
			sourceTree = "<group>";
		};
		C83674801F3664D00084F644 /* RemixBytes */ = {
			isa = PBXGroup;
			children = (
				C83674811F3664D00084F644 /* AppDelegate.swift */,
				C84B1CF61F3683310072257F /* GameCoordinator.swift */,
				C84B1CF81F36999E0072257F /* GamePanelCoordinator.swift */,
				C84B1CFC1F371CC00072257F /* GameInteractor.swift */,
				C84B1CFE1F3730830072257F /* PlayGameFormatter.swift */,
				C85311891F374C1C00388356 /* PickGameView.swift */,
				C83674A21F366E450084F644 /* PickGameViewController.swift */,
				C84B1D001F37403D0072257F /* PickNumberView.swift */,
				C836749D1F366C270084F644 /* PickNumberViewController.swift */,
				C84B1D041F3742C50072257F /* PickNumberContinuousViewController.swift */,
				C85311771F3746E600388356 /* PlayGameView.swift */,
				C83674A11F366E450084F644 /* PlayGameViewController.swift */,
				C85311751F3746B500388356 /* PlayGameContinuousViewController.swift */,
				C83674851F3664D00084F644 /* Main.storyboard */,
				C83674A71F3680DA0084F644 /* Resources */,
			);
			path = RemixBytes;
			sourceTree = "<group>";
		};
		C83674A71F3680DA0084F644 /* Resources */ = {
			isa = PBXGroup;
			children = (
				C83674881F3664D00084F644 /* Assets.xcassets */,
				C836748A1F3664D00084F644 /* LaunchScreen.storyboard */,
				C836748D1F3664D00084F644 /* Info.plist */,
				C83674A51F366F5B0084F644 /* ReplacementSegue.swift */,
				C84B1CFA1F369C640072257F /* GamePanelContainer.swift */,
				C84B1D021F3741C70072257F /* Viewable.swift */,
			);
			path = Resources;
			sourceTree = "<group>";
		};
/* End PBXGroup section */

/* Begin PBXNativeTarget section */
		C836747D1F3664D00084F644 /* RemixBytes */ = {
			isa = PBXNativeTarget;
			buildConfigurationList = C83674901F3664D00084F644 /* Build configuration list for PBXNativeTarget "RemixBytes" */;
			buildPhases = (
				A3E1B065596C41F27AE0087C /* [CP] Check Pods Manifest.lock */,
				C836747A1F3664D00084F644 /* Sources */,
				C836747B1F3664D00084F644 /* Frameworks */,
				C836747C1F3664D00084F644 /* Resources */,
				6FFF4218E560C77DB88F1509 /* [CP] Embed Pods Frameworks */,
				CDF05D3360871D62BA4DB909 /* [CP] Copy Pods Resources */,
			);
			buildRules = (
			);
			dependencies = (
			);
			name = RemixBytes;
			productName = RemixBytes;
			productReference = C836747E1F3664D00084F644 /* RemixBytes.app */;
			productType = "com.apple.product-type.application";
		};
/* End PBXNativeTarget section */

/* Begin PBXProject section */
		C83674761F3664D00084F644 /* Project object */ = {
			isa = PBXProject;
			attributes = {
				LastSwiftUpdateCheck = 0900;
				LastUpgradeCheck = 0900;
				ORGANIZATIONNAME = cutting.io;
				TargetAttributes = {
					C836747D1F3664D00084F644 = {
						CreatedOnToolsVersion = 9.0;
					};
				};
			};
			buildConfigurationList = C83674791F3664D00084F644 /* Build configuration list for PBXProject "RemixBytes" */;
			compatibilityVersion = "Xcode 8.0";
			developmentRegion = en;
			hasScannedForEncodings = 0;
			knownRegions = (
				en,
				Base,
			);
			mainGroup = C83674751F3664D00084F644;
			productRefGroup = C836747F1F3664D00084F644 /* Products */;
			projectDirPath = "";
			projectRoot = "";
			targets = (
				C836747D1F3664D00084F644 /* RemixBytes */,
			);
		};
/* End PBXProject section */

/* Begin PBXResourcesBuildPhase section */
		C836747C1F3664D00084F644 /* Resources */ = {
			isa = PBXResourcesBuildPhase;
			buildActionMask = 2147483647;
			files = (
				C836748C1F3664D00084F644 /* LaunchScreen.storyboard in Resources */,
				C83674891F3664D00084F644 /* Assets.xcassets in Resources */,
				C83674871F3664D00084F644 /* Main.storyboard in Resources */,
			);
			runOnlyForDeploymentPostprocessing = 0;
		};
/* End PBXResourcesBuildPhase section */

/* Begin PBXShellScriptBuildPhase section */
		6FFF4218E560C77DB88F1509 /* [CP] Embed Pods Frameworks */ = {
			isa = PBXShellScriptBuildPhase;
			buildActionMask = 2147483647;
			files = (
			);
			inputPaths = (
			);
			name = "[CP] Embed Pods Frameworks";
			outputPaths = (
			);
			runOnlyForDeploymentPostprocessing = 0;
			shellPath = /bin/sh;
			shellScript = "\"${SRCROOT}/Pods/Target Support Files/Pods-RemixBytes/Pods-RemixBytes-frameworks.sh\"\n";
			showEnvVarsInLog = 0;
		};
		A3E1B065596C41F27AE0087C /* [CP] Check Pods Manifest.lock */ = {
			isa = PBXShellScriptBuildPhase;
			buildActionMask = 2147483647;
			files = (
			);
			inputPaths = (
			);
			name = "[CP] Check Pods Manifest.lock";
			outputPaths = (
			);
			runOnlyForDeploymentPostprocessing = 0;
			shellPath = /bin/sh;
			shellScript = "diff \"${PODS_PODFILE_DIR_PATH}/Podfile.lock\" \"${PODS_ROOT}/Manifest.lock\" > /dev/null\nif [ $? != 0 ] ; then\n    # print error to STDERR\n    echo \"error: The sandbox is not in sync with the Podfile.lock. Run 'pod install' or update your CocoaPods installation.\" >&2\n    exit 1\nfi\n";
			showEnvVarsInLog = 0;
		};
		CDF05D3360871D62BA4DB909 /* [CP] Copy Pods Resources */ = {
			isa = PBXShellScriptBuildPhase;
			buildActionMask = 2147483647;
			files = (
			);
			inputPaths = (
			);
			name = "[CP] Copy Pods Resources";
			outputPaths = (
			);
			runOnlyForDeploymentPostprocessing = 0;
			shellPath = /bin/sh;
			shellScript = "\"${SRCROOT}/Pods/Target Support Files/Pods-RemixBytes/Pods-RemixBytes-resources.sh\"\n";
			showEnvVarsInLog = 0;
		};
/* End PBXShellScriptBuildPhase section */

/* Begin PBXSourcesBuildPhase section */
		C836747A1F3664D00084F644 /* Sources */ = {
			isa = PBXSourcesBuildPhase;
			buildActionMask = 2147483647;
			files = (
				C84B1CFB1F369C640072257F /* GamePanelContainer.swift in Sources */,
				C84B1CF71F3683310072257F /* GameCoordinator.swift in Sources */,
				C83674A41F366E450084F644 /* PickGameViewController.swift in Sources */,
				C84B1CFD1F371CC00072257F /* GameInteractor.swift in Sources */,
				C84B1D031F3741C70072257F /* Viewable.swift in Sources */,
				C84B1CFF1F3730830072257F /* PlayGameFormatter.swift in Sources */,
				C84B1D051F3742C50072257F /* PickNumberContinuousViewController.swift in Sources */,
				C84B1D011F37403D0072257F /* PickNumberView.swift in Sources */,
				C84B1CF91F36999E0072257F /* GamePanelCoordinator.swift in Sources */,
				C853118A1F374C1C00388356 /* PickGameView.swift in Sources */,
				C85311781F3746E600388356 /* PlayGameView.swift in Sources */,
				C836749E1F366C270084F644 /* PickNumberViewController.swift in Sources */,
				C83674A31F366E450084F644 /* PlayGameViewController.swift in Sources */,
				C83674A61F366F5B0084F644 /* ReplacementSegue.swift in Sources */,
				C83674821F3664D00084F644 /* AppDelegate.swift in Sources */,
				C85311761F3746B500388356 /* PlayGameContinuousViewController.swift in Sources */,
			);
			runOnlyForDeploymentPostprocessing = 0;
		};
/* End PBXSourcesBuildPhase section */

/* Begin PBXVariantGroup section */
		C83674851F3664D00084F644 /* Main.storyboard */ = {
			isa = PBXVariantGroup;
			children = (
				C83674861F3664D00084F644 /* Base */,
			);
			name = Main.storyboard;
			sourceTree = "<group>";
		};
		C836748A1F3664D00084F644 /* LaunchScreen.storyboard */ = {
			isa = PBXVariantGroup;
			children = (
				C836748B1F3664D00084F644 /* Base */,
			);
			name = LaunchScreen.storyboard;
			sourceTree = "<group>";
		};
/* End PBXVariantGroup section */

/* Begin XCBuildConfiguration section */
		C836748E1F3664D00084F644 /* Debug */ = {
			isa = XCBuildConfiguration;
			buildSettings = {
				ALWAYS_SEARCH_USER_PATHS = NO;
				CLANG_ANALYZER_NONNULL = YES;
				CLANG_ANALYZER_NUMBER_OBJECT_CONVERSION = YES_AGGRESSIVE;
				CLANG_CXX_LANGUAGE_STANDARD = "gnu++14";
				CLANG_CXX_LIBRARY = "libc++";
				CLANG_ENABLE_MODULES = YES;
				CLANG_ENABLE_OBJC_ARC = YES;
				CLANG_WARN_BLOCK_CAPTURE_AUTORELEASING = YES;
				CLANG_WARN_BOOL_CONVERSION = YES;
				CLANG_WARN_COMMA = YES;
				CLANG_WARN_CONSTANT_CONVERSION = YES;
				CLANG_WARN_DIRECT_OBJC_ISA_USAGE = YES_ERROR;
				CLANG_WARN_DOCUMENTATION_COMMENTS = YES;
				CLANG_WARN_EMPTY_BODY = YES;
				CLANG_WARN_ENUM_CONVERSION = YES;
				CLANG_WARN_INFINITE_RECURSION = YES;
				CLANG_WARN_INT_CONVERSION = YES;
				CLANG_WARN_NON_LITERAL_NULL_CONVERSION = YES;
				CLANG_WARN_OBJC_LITERAL_CONVERSION = YES;
				CLANG_WARN_OBJC_ROOT_CLASS = YES_ERROR;
				CLANG_WARN_RANGE_LOOP_ANALYSIS = YES;
				CLANG_WARN_STRICT_PROTOTYPES = YES;
				CLANG_WARN_SUSPICIOUS_MOVE = YES;
				CLANG_WARN_UNGUARDED_AVAILABILITY = YES_AGGRESSIVE;
				CLANG_WARN_UNREACHABLE_CODE = YES;
				CLANG_WARN__DUPLICATE_METHOD_MATCH = YES;
				CODE_SIGN_IDENTITY = "iPhone Developer";
				COPY_PHASE_STRIP = NO;
				DEBUG_INFORMATION_FORMAT = dwarf;
				ENABLE_STRICT_OBJC_MSGSEND = YES;
				ENABLE_TESTABILITY = YES;
				GCC_C_LANGUAGE_STANDARD = gnu11;
				GCC_DYNAMIC_NO_PIC = NO;
				GCC_NO_COMMON_BLOCKS = YES;
				GCC_OPTIMIZATION_LEVEL = 0;
				GCC_PREPROCESSOR_DEFINITIONS = (
					"DEBUG=1",
					"$(inherited)",
				);
				GCC_WARN_64_TO_32_BIT_CONVERSION = YES;
				GCC_WARN_ABOUT_RETURN_TYPE = YES_ERROR;
				GCC_WARN_UNDECLARED_SELECTOR = YES;
				GCC_WARN_UNINITIALIZED_AUTOS = YES_AGGRESSIVE;
				GCC_WARN_UNUSED_FUNCTION = YES;
				GCC_WARN_UNUSED_VARIABLE = YES;
				IPHONEOS_DEPLOYMENT_TARGET = 11.0;
				MTL_ENABLE_DEBUG_INFO = YES;
				ONLY_ACTIVE_ARCH = YES;
				SDKROOT = iphoneos;
				SWIFT_ACTIVE_COMPILATION_CONDITIONS = DEBUG;
				SWIFT_OPTIMIZATION_LEVEL = "-Onone";
			};
			name = Debug;
		};
		C836748F1F3664D00084F644 /* Release */ = {
			isa = XCBuildConfiguration;
			buildSettings = {
				ALWAYS_SEARCH_USER_PATHS = NO;
				CLANG_ANALYZER_NONNULL = YES;
				CLANG_ANALYZER_NUMBER_OBJECT_CONVERSION = YES_AGGRESSIVE;
				CLANG_CXX_LANGUAGE_STANDARD = "gnu++14";
				CLANG_CXX_LIBRARY = "libc++";
				CLANG_ENABLE_MODULES = YES;
				CLANG_ENABLE_OBJC_ARC = YES;
				CLANG_WARN_BLOCK_CAPTURE_AUTORELEASING = YES;
				CLANG_WARN_BOOL_CONVERSION = YES;
				CLANG_WARN_COMMA = YES;
				CLANG_WARN_CONSTANT_CONVERSION = YES;
				CLANG_WARN_DIRECT_OBJC_ISA_USAGE = YES_ERROR;
				CLANG_WARN_DOCUMENTATION_COMMENTS = YES;
				CLANG_WARN_EMPTY_BODY = YES;
				CLANG_WARN_ENUM_CONVERSION = YES;
				CLANG_WARN_INFINITE_RECURSION = YES;
				CLANG_WARN_INT_CONVERSION = YES;
				CLANG_WARN_NON_LITERAL_NULL_CONVERSION = YES;
				CLANG_WARN_OBJC_LITERAL_CONVERSION = YES;
				CLANG_WARN_OBJC_ROOT_CLASS = YES_ERROR;
				CLANG_WARN_RANGE_LOOP_ANALYSIS = YES;
				CLANG_WARN_STRICT_PROTOTYPES = YES;
				CLANG_WARN_SUSPICIOUS_MOVE = YES;
				CLANG_WARN_UNGUARDED_AVAILABILITY = YES_AGGRESSIVE;
				CLANG_WARN_UNREACHABLE_CODE = YES;
				CLANG_WARN__DUPLICATE_METHOD_MATCH = YES;
				CODE_SIGN_IDENTITY = "iPhone Developer";
				COPY_PHASE_STRIP = NO;
				DEBUG_INFORMATION_FORMAT = "dwarf-with-dsym";
				ENABLE_NS_ASSERTIONS = NO;
				ENABLE_STRICT_OBJC_MSGSEND = YES;
				GCC_C_LANGUAGE_STANDARD = gnu11;
				GCC_NO_COMMON_BLOCKS = YES;
				GCC_WARN_64_TO_32_BIT_CONVERSION = YES;
				GCC_WARN_ABOUT_RETURN_TYPE = YES_ERROR;
				GCC_WARN_UNDECLARED_SELECTOR = YES;
				GCC_WARN_UNINITIALIZED_AUTOS = YES_AGGRESSIVE;
				GCC_WARN_UNUSED_FUNCTION = YES;
				GCC_WARN_UNUSED_VARIABLE = YES;
				IPHONEOS_DEPLOYMENT_TARGET = 11.0;
				MTL_ENABLE_DEBUG_INFO = NO;
				SDKROOT = iphoneos;
				SWIFT_OPTIMIZATION_LEVEL = "-Owholemodule";
				VALIDATE_PRODUCT = YES;
			};
			name = Release;
		};
		C83674911F3664D00084F644 /* Debug */ = {
			isa = XCBuildConfiguration;
			baseConfigurationReference = 62FDB46E095BA1CA5EC474F8 /* Pods-RemixBytes.debug.xcconfig */;
			buildSettings = {
				ASSETCATALOG_COMPILER_APPICON_NAME = AppIcon;
				DEVELOPMENT_TEAM = 3H86HRS574;
				INFOPLIST_FILE = RemixBytes/Resources/Info.plist;
				LD_RUNPATH_SEARCH_PATHS = "$(inherited) @executable_path/Frameworks";
				PRODUCT_BUNDLE_IDENTIFIER = io.cutting.RemixBytes;
				PRODUCT_NAME = "$(TARGET_NAME)";
				SWIFT_VERSION = 4.0;
				TARGETED_DEVICE_FAMILY = "1,2";
			};
			name = Debug;
		};
		C83674921F3664D00084F644 /* Release */ = {
			isa = XCBuildConfiguration;
			baseConfigurationReference = B36800EB3513AFE3935C84B4 /* Pods-RemixBytes.release.xcconfig */;
			buildSettings = {
				ASSETCATALOG_COMPILER_APPICON_NAME = AppIcon;
				DEVELOPMENT_TEAM = 3H86HRS574;
				INFOPLIST_FILE = RemixBytes/Resources/Info.plist;
				LD_RUNPATH_SEARCH_PATHS = "$(inherited) @executable_path/Frameworks";
				PRODUCT_BUNDLE_IDENTIFIER = io.cutting.RemixBytes;
				PRODUCT_NAME = "$(TARGET_NAME)";
				SWIFT_VERSION = 4.0;
				TARGETED_DEVICE_FAMILY = "1,2";
			};
			name = Release;
		};
/* End XCBuildConfiguration section */

/* Begin XCConfigurationList section */
		C83674791F3664D00084F644 /* Build configuration list for PBXProject "RemixBytes" */ = {
			isa = XCConfigurationList;
			buildConfigurations = (
				C836748E1F3664D00084F644 /* Debug */,
				C836748F1F3664D00084F644 /* Release */,
			);
			defaultConfigurationIsVisible = 0;
			defaultConfigurationName = Release;
		};
		C83674901F3664D00084F644 /* Build configuration list for PBXNativeTarget "RemixBytes" */ = {
			isa = XCConfigurationList;
			buildConfigurations = (
				C83674911F3664D00084F644 /* Debug */,
				C83674921F3664D00084F644 /* Release */,
			);
			defaultConfigurationIsVisible = 0;
			defaultConfigurationName = Release;
		};
/* End XCConfigurationList section */
	};
	rootObject = C83674761F3664D00084F644 /* Project object */;
}
